<?xml version="1.0" encoding="UTF-8"?>
<Scheme LastUpgradeCheck = "1750" version = "1.7">
  <BuildAction parallelizeBuildables = "YES" buildImplicitDependencies = "YES" onlyForDevelopmentPostprocessing = "0">
    <BuildActionEntries>
      <BuildActionEntry buildForTesting = "YES" buildForRunning = "YES" buildForProfiling = "YES" buildForArchiving = "YES" buildForAnalyzing = "YES">
        <BuildableReference
          BuildableIdentifier = "primary"
          BlueprintIdentifier = "696a7b353813c3ca71f6cf47"
          BuildableName = "GardenPlannerSpike.app"
          BlueprintName = "GardenPlannerSpike"
          ReferencedContainer = "container:GardenPlannerSpike.xcodeproj">
        </BuildableReference>
      </BuildActionEntry>
    </BuildActionEntries>
  </BuildAction>
  <TestAction buildConfiguration = "Debug" selectedDebuggerIdentifier = "Xcode.DebuggerFoundation.Debugger.LLDB" selectedLauncherIdentifier = "Xcode.DebuggerFoundation.Launcher.LLDB" symbolSeparationFile = "" shouldUseLaunchSchemeArgsEnv = "1" compiledBinaryPath = "/Users/josephwoods/Documents/Garden planner app/GardenPlannerSpike/build/Debug-iphonesimulator/GardenPlannerSpike" shouldAutoCreateTestReport = "0" shouldAutoCreateCoverageReport = "0">
    <ExpandFromTarget name = "GardenPlannerSpike" runPostActionsOnSuccess = "1">
      <Target name = "GardenPlannerSpike">
      </Target>
    </ExpandFromTarget>
  </TestAction>
  <LaunchAction buildConfiguration = "Debug" selectedDebuggerIdentifier = "Xcode.DebuggerFoundation.Debugger.LLDB" selectedLauncherIdentifier = "Xcode.DebuggerFoundation.Launcher.LLDB" symbolFile = "" latitude = "37.774929555100963" longitude = "-122.41940989882469" shouldModifyCoreDataCompiledModel = "0" runPostActionsOnSuccess = "1" startupBehavior = "0" simulationLocationAllowEmulatedLocation = "1" simulationLocationSimulationMode = "2" customizationExpressions = "">
    <ExpandFromTarget name = "GardenPlannerSpike">
      <Target name = "GardenPlannerSpike">
      </Target>
    </ExpandFromTarget>
  </LaunchAction>
  <ProfileAction buildConfiguration = "Release" shouldRebuildAllTarget = "0" shouldLaunchDebugWithSpeedScope = "0" launchedEditor = "" compiledBinaryPath = "/Users/josephwoods/Documents/Garden planner app/GardenPlannerSpike/build/Release-iphonesimulator/GardenPlannerSpike" shouldAutoCreateTestReport = "0" shouldAutoCreateCoverageReport = "0" runPostActionsOnSuccess = "1">
    <ExpandFromTarget name = "GardenPlannerSpike">
      <Target name = "GardenPlannerSpike">
      </Target>
    </ExpandFromTarget>
  </ProfileAction>
  <AnalyzeAction buildConfiguration = "Debug" compiledBinaryPath = "/Users/josephwoods/Documents/Garden planner app/GardenPlannerSpike/build/Debug-iphonesimulator/GardenPlannerSpike" runPostActionsOnSuccess = "1">
    <ExpandFromTarget name = "GardenPlannerSpike">
      <Target name = "GardenPlannerSpike">
      </Target>
    </ExpandFromTarget>
  </AnalyzeAction>
  <ArchiveAction buildConfiguration = "Release" revealArchiveOnOrganizer = "1" customLocation = "" path = "" exportAsArchive = "0" runPostActionsOnSuccess = "1">
    <ExpandFromTarget name = "GardenPlannerSpike">
      <Target name = "GardenPlannerSpike">
      </Target>
    </ExpandFromTarget>
  </ArchiveAction>
</Scheme>
