// !$*UTF8*$!
{
	archiveVersion = 1;
	classes = {
	};
	objectVersion = 56;
	objects = {

/* Begin PBXBuildFile section */
		1A100001 /* GardenPlannerSpike.swift in Sources */ = {isa = PBXBuildFile; fileRef = 1A200001; };
		1A100002 /* LiDARScanner.swift in Sources */ = {isa = PBXBuildFile; fileRef = 1A200002; };
		1A100003 /* PointCloudProcessor.swift in Sources */ = {isa = PBXBuildFile; fileRef = 1A200003; };
		1A100004 /* Geometry2DProjection.swift in Sources */ = {isa = PBXBuildFile; fileRef = 1A200004; };
		1A100005 /* ScanCaptureView.swift in Sources */ = {isa = PBXBuildFile; fileRef = 1A200005; };
		1A100006 /* ScanMapView.swift in Sources */ = {isa = PBXBuildFile; fileRef = 1A200006; };
		1A100007 /* Info.plist in Resources */ = {isa = PBXBuildFile; fileRef = 1A200007; };
/* End PBXBuildFile section */

/* Begin PBXFileReference section */
		1A200001 /* GardenPlannerSpike.swift */ = {isa = PBXFileReference; lastKnownFileType = sourcecode.swift; path = GardenPlannerSpike.swift; sourceTree = "\"<group>\""; };
		1A200002 /* LiDARScanner.swift */ = {isa = PBXFileReference; lastKnownFileType = sourcecode.swift; path = LiDARScanner.swift; sourceTree = "\"<group>\""; };
		1A200003 /* PointCloudProcessor.swift */ = {isa = PBXFileReference; lastKnownFileType = sourcecode.swift; path = PointCloudProcessor.swift; sourceTree = "\"<group>\""; };
		1A200004 /* Geometry2DProjection.swift */ = {isa = PBXFileReference; lastKnownFileType = sourcecode.swift; path = Geometry2DProjection.swift; sourceTree = "\"<group>\""; };
		1A200005 /* ScanCaptureView.swift */ = {isa = PBXFileReference; lastKnownFileType = sourcecode.swift; path = ScanCaptureView.swift; sourceTree = "\"<group>\""; };
		1A200006 /* ScanMapView.swift */ = {isa = PBXFileReference; lastKnownFileType = sourcecode.swift; path = ScanMapView.swift; sourceTree = "\"<group>\""; };
		1A200007 /* Info.plist */ = {isa = PBXFileReference; lastKnownFileType = text.plist.xml; path = Info.plist; sourceTree = "\"<group>\""; };
		1A200008 /* GardenPlannerSpike.app */ = {isa = PBXFileReference; explicitFileType = "compiled.mach-o"; includeInIndex = 0; path = GardenPlannerSpike.app; sourceTree = BUILT_PRODUCTS_DIR; };
/* End PBXFileReference section */

/* Begin PBXFrameworksBuildPhase section */
		1A300001 /* Frameworks */ = {
			isa = PBXFrameworksBuildPhase;
			buildActionMask = 2147483647;
			files = (
			);
			runOnlyForDeploymentPostprocessing = 0;
		};
/* End PBXFrameworksBuildPhase section */

/* Begin PBXGroup section */
		1A400001 = {
			isa = PBXGroup;
			children = (
				1A400002 /* GardenPlannerSpike */,
				1A400003 /* Products */,
			);
			root = 1;
			sourceTree = "\"<group>\"";
		};
		1A400002 /* GardenPlannerSpike */ = {
			isa = PBXGroup;
			children = (
				1A200001 /* GardenPlannerSpike.swift */,
				1A200002 /* LiDARScanner.swift */,
				1A200003 /* PointCloudProcessor.swift */,
				1A200004 /* Geometry2DProjection.swift */,
				1A200005 /* ScanCaptureView.swift */,
				1A200006 /* ScanMapView.swift */,
				1A200007 /* Info.plist */,
			);
			path = GardenPlannerSpike;
			sourceTree = "\"<group>\"";
		};
		1A400003 /* Products */ = {
			isa = PBXGroup;
			children = (
				1A200008 /* GardenPlannerSpike.app */,
			);
			name = Products;
			sourceTree = "\"<group>\"";
		};
/* End PBXGroup section */

/* Begin PBXNativeTarget section */
		1A500001 /* GardenPlannerSpike */ = {
			isa = PBXNativeTarget;
			buildConfigurationList = 1A700001 /* Build configuration list for target */;
			buildPhases = (
				1A600001 /* Sources */,
				1A600002 /* Frameworks */,
				1A600003 /* Resources */,
			);
			buildRules = (
			);
			productName = GardenPlannerSpike;
			productReference = 1A200008 /* GardenPlannerSpike.app */;
			productType = "com.apple.product-type.application";
		};
/* End PBXNativeTarget section */

/* Begin PBXProject section */
		1A800001 /* Project object */ = {
			isa = PBXProject;
			attributes = {
				BuildIndependentTargetsInParallel = 1;
				PrefixHeaderLocation = shared;
			};
			buildConfigurationList = 1A800002 /* Build configuration list for project */;
			compatibilityVersion = "Xcode 14.0";
			developmentRegion = en;
			hasScannedForEncodings = 0;
			knownRegions = (
				en,
				Base,
			);
			mainGroup = 1A400001;
			productRefGroup = 1A400003 /* Products */;
			projectDirPath = "";
			projectRoot = "";
			targets = (
				1A500001 /* GardenPlannerSpike */,
			);
		};
/* End PBXProject section */

/* Begin PBXResourcesBuildPhase section */
		1A600003 /* Resources */ = {
			isa = PBXResourcesBuildPhase;
			buildActionMask = 2147483647;
			files = (
				1A100007 /* Info.plist in Resources */,
			);
		};
/* End PBXResourcesBuildPhase section */

/* Begin PBXSourcesBuildPhase section */
		1A600001 /* Sources */ = {
			isa = PBXSourcesBuildPhase;
			buildActionMask = 2147483647;
			files = (
				1A100001 /* GardenPlannerSpike.swift in Sources */,
				1A100002 /* LiDARScanner.swift in Sources */,
				1A100003 /* PointCloudProcessor.swift in Sources */,
				1A100004 /* Geometry2DProjection.swift in Sources */,
				1A100005 /* ScanCaptureView.swift in Sources */,
				1A100006 /* ScanMapView.swift in Sources */,
			);
		};
/* End PBXSourcesBuildPhase section */

/* Begin XCBuildConfiguration section */
		1A900001 /* Debug */ = {
			isa = XCBuildConfiguration;
			buildSettings = {
				ALWAYS_SEARCH_USER_PATHS = NO;
				CLANG_CXX_LANGUAGE_STANDARD = "gnu++20";
				CLANG_ENABLE_MODULES = YES;
				CLANG_ENABLE_OBJC_ARC = YES;
				COPY_PHASE_STRIP = NO;
				DEBUG_INFORMATION_FORMAT = dwarf;
				ENABLE_STRICT_OBJC_MSGSEND = YES;
				ENABLE_TESTABILITY = YES;
				GCC_C_LANGUAGE_STANDARD = gnu17;
				GCC_DYNAMIC_NO_PIC = NO;
				GCC_OPTIMIZATION_LEVEL = 0;
				GCC_PREPROCESSOR_DEFINITIONS = (
					"DEBUG=1",
					"$(inherited)",
				);
				IPHONEOS_DEPLOYMENT_TARGET = 17.0;
				LD_RUNPATH_SEARCH_PATHS = (
					"$(inherited)",
					"@executable_path/Frameworks",
				);
				MTL_ENABLE_DEBUG_INFO = YES;
				ONLY_ACTIVE_ARCH = YES;
				SDKROOT = iphoneos;
				SWIFT_ACTIVE_COMPILATION_CONDITIONS = "DEBUG $(inherited)";
				SWIFT_OPTIMIZATION_LEVEL = "-Onone";
				SWIFT_VERSION = 5.9;
			};
			name = Debug;
		};
		1A900002 /* Release */ = {
			isa = XCBuildConfiguration;
			buildSettings = {
				ALWAYS_SEARCH_USER_PATHS = NO;
				CLANG_CXX_LANGUAGE_STANDARD = "gnu++20";
				CLANG_ENABLE_MODULES = YES;
				CLANG_ENABLE_OBJC_ARC = YES;
				COPY_PHASE_STRIP = NO;
				DEBUG_INFORMATION_FORMAT = "dwarf-with-dsym";
				ENABLE_NS_ASSERTIONS = YES;
				ENABLE_STRICT_OBJC_MSGSEND = YES;
				GCC_C_LANGUAGE_STANDARD = gnu17;
				GCC_OPTIMIZATION_LEVEL = "fast";
				IPHONEOS_DEPLOYMENT_TARGET = 17.0;
				LD_RUNPATH_SEARCH_PATHS = (
					"$(inherited)",
					"@executable_path/Frameworks",
				);
				SDKROOT = iphoneos;
				SWIFT_COMPACT_LINE_DIRECTORIES = YES;
				SWIFT_VERSION = 5.9;
			};
			name = Release;
		};
		1A900003 /* Debug */ = {
			isa = XCBuildConfiguration;
			buildSettings = {
				ASSETCATALOG_COMPILER_APPICON_NAME = AppIcon;
				CODE_SIGN_STYLE = Automatic;
				CURRENT_PROJECT_VERSION = 2;
				DEVELOPMENT_TEAM = "VDWDUNC9R2";
				GENERATE_INFOPLIST_FILE = YES;
				INFOPLIST_FILE = GardenPlannerSpike/Info.plist;
				INFOPLIST_KEY_CFBundleName = "GardenPlannerSpike";
				INFOPLIST_KEY_UIApplicationSupportsIndirectInputEvents = YES;
				INFOPLIST_KEY_UILaunchScreen_Generation = YES;
				INFOPLIST_KEY_UISupportedInterfaceOrientations_iPhone = "UIInterfaceOrientationPortrait UIInterfaceOrientationLandscapeLeft UIInterfaceOrientationLandscapeRight";
				IPHONEOS_DEPLOYMENT_TARGET = 17.0;
				LD_RUNPATH_SEARCH_PATHS = (
					"$(inherited)",
					"@executable_path/Frameworks",
				);
				MARKETING_VERSION = 1.0;
				PRODUCT_BUNDLE_IDENTIFIER = com.josephwoods.GardenPlannerSpike;
				PRODUCT_NAME = "$(TARGET_NAME)";
				SWIFT_EMIT_LOC_STRINGS = YES;
				SWIFT_VERSION = 5.9;
			};
			name = Debug;
		};
		1A900004 /* Release */ = {
			isa = XCBuildConfiguration;
			buildSettings = {
				ASSETCATALOG_COMPILER_APPICON_NAME = AppIcon;
				CODE_SIGN_STYLE = Automatic;
				CURRENT_PROJECT_VERSION = 2;
				DEVELOPMENT_TEAM = "VDWDUNC9R2";
				GENERATE_INFOPLIST_FILE = YES;
				INFOPLIST_FILE = GardenPlannerSpike/Info.plist;
				INFOPLIST_KEY_CFBundleName = "GardenPlannerSpike";
				INFOPLIST_KEY_UIApplicationSupportsIndirectInputEvents = YES;
				INFOPLIST_KEY_UILaunchScreen_Generation = YES;
				INFOPLIST_KEY_UISupportedInterfaceOrientations_iPhone = "UIInterfaceOrientationPortrait UIInterfaceOrientationLandscapeLeft UIInterfaceOrientationLandscapeRight";
				IPHONEOS_DEPLOYMENT_TARGET = 17.0;
				LD_RUNPATH_SEARCH_PATHS = (
					"$(inherited)",
					"@executable_path/Frameworks",
				);
				MARKETING_VERSION = 1.0;
				PRODUCT_BUNDLE_IDENTIFIER = com.josephwoods.GardenPlannerSpike;
				PRODUCT_NAME = "$(TARGET_NAME)";
				SWIFT_EMIT_LOC_STRINGS = YES;
				SWIFT_VERSION = 5.9;
			};
			name = Release;
		};
/* End XCBuildConfiguration section */

/* Begin XCConfigurationList section */
		1A700001 /* Build configuration list for target */ = {
			isa = XCConfigurationList;
			buildConfigurations = (
				1A900003 /* Debug */,
				1A900004 /* Release */,
			);
			defaultConfigurationIsVisible = 1;
			defaultConfigurationName = Release;
		};
		1A800002 /* Build configuration list for project */ = {
			isa = XCConfigurationList;
			buildConfigurations = (
				1A900001 /* Debug */,
				1A900002 /* Release */,
			);
			defaultConfigurationIsVisible = 1;
			defaultConfigurationName = Release;
		};
/* End XCConfigurationList section */

/* Begin XCRemoteSwiftPackageReference section */
/* End XCRemoteSwiftPackageReference section */

/* XCKCRProjectArchivingOptions */
/* Begin XCKEConsoleOutputFilterSet section */
/* End XCKEConsoleOutputFilterSet section */
/* Begin XCScheme section */
		1B100001 /* GardenPlannerSpike */ = {
			isa = XCScheme;
			LaunderScript = "";
			RunScriptMBSFile = "";
			BuildAction = {
				BuildActionEntries = (
					1B100002 /* <XCBuildActionEntry> */,
				);
			};
			TestAction = {
				Arguments = {
				};
				EnvironmentVariables = {
				};
				Testables = (
				);
			};
			LaunchAction = {
				BuildActionPreference = "automatic";
				Options = {
				};
				SchemeCommandName = Application;
				StartupBehavior = 0;
				SimulationLocationAllowEmulatedLocation = 1;
				SimulationLocationLatitude = 37.774929555100963;
				SimulationLocationLongitude = -122.41940989882469;
				SimulationLocationSimulationMode = "2";
				SymbolFile = "";
				TargetSignature = {
				};
				WorkingDirectory = {
				};
			};
			ProfileAction = {
				SchemeCommandName = Application;
				TargetSignature = {
				};
			};
			AnalyzeAction = {
				SchemeCommandName = Application;
				TargetSignature = {
				};
			};
			ArchiveAction = {
				ExportOptions = {
				};
				ExportPath = "";
				SchemeCommandName = Application;
				TargetSignature = {
				};
			};
			objectID = "1B100001";
			targetReference = "1A500001";
		};
		1B100002 /* <XCBuildActionEntry> */ = {
			BuildActionAttachment = 0;
			ShouldLaunch = 1;
			targetReference = "1A500001";
		};
/* End XCScheme section */
	};
	rootObject = 1A800001 /* Project object */;
}
