// !$*UTF8*$!
{
	archiveVersion = 1;
	classes = {
	};
	objectVersion = 56;
	objects = {

/* Begin PBXBuildFile section */
		6a50c5d914ffe79e97e02d35 /* GardenPlannerSpike.swift in Sources */ = {isa = PBXBuildFile; fileRef = 66cf7f2aa66e87203eb485b8; };
		fd0854b468204221e3eef83e /* LiDARScanner.swift in Sources */ = {isa = PBXBuildFile; fileRef = 1ca0ebf6d706a196eed33ea4; };
		6dbaf4a07d0fde96eca3970f /* PointCloudProcessor.swift in Sources */ = {isa = PBXBuildFile; fileRef = ea49de1cf0d95a420d78af0d; };
		c0d6b2e737d964e85ae67e5f /* Geometry2DProjection.swift in Sources */ = {isa = PBXBuildFile; fileRef = 8d0f96f522bbd181630dfb8d; };
		ef90bf43523d7c430de8702c /* ScanCaptureView.swift in Sources */ = {isa = PBXBuildFile; fileRef = 698b343290917867ecc855f6; };
		e63af94edf6f86d467fa3dc9 /* ScanMapView.swift in Sources */ = {isa = PBXBuildFile; fileRef = 1ba0b31d7641c68da9203419; };
/* End PBXBuildFile section */

/* Begin PBXFileReference section */
		66cf7f2aa66e87203eb485b8 /* GardenPlannerSpike.swift */ = {isa = PBXFileReference; lastKnownFileType = sourcecode.swift; path = GardenPlannerSpike.swift; sourceTree = "<group>"; };
		1ca0ebf6d706a196eed33ea4 /* LiDARScanner.swift */ = {isa = PBXFileReference; lastKnownFileType = sourcecode.swift; path = LiDARScanner.swift; sourceTree = "<group>"; };
		ea49de1cf0d95a420d78af0d /* PointCloudProcessor.swift */ = {isa = PBXFileReference; lastKnownFileType = sourcecode.swift; path = PointCloudProcessor.swift; sourceTree = "<group>"; };
		8d0f96f522bbd181630dfb8d /* Geometry2DProjection.swift */ = {isa = PBXFileReference; lastKnownFileType = sourcecode.swift; path = Geometry2DProjection.swift; sourceTree = "<group>"; };
		698b343290917867ecc855f6 /* ScanCaptureView.swift */ = {isa = PBXFileReference; lastKnownFileType = sourcecode.swift; path = ScanCaptureView.swift; sourceTree = "<group>"; };
		1ba0b31d7641c68da9203419 /* ScanMapView.swift */ = {isa = PBXFileReference; lastKnownFileType = sourcecode.swift; path = ScanMapView.swift; sourceTree = "<group>"; };
		9ce72a56612f6d1e2e61bc03 /* Info.plist */ = {isa = PBXFileReference; lastKnownFileType = text.plist.xml; path = Info.plist; sourceTree = "<group>"; };
		a7332f3238c8d9d408493890 /* GardenPlannerSpike.app */ = {isa = PBXFileReference; explicitFileType = wrapper.application; includeInIndex = 0; path = GardenPlannerSpike.app; sourceTree = BUILT_PRODUCTS_DIR; };
/* End PBXFileReference section */

/* Begin PBXFrameworksBuildPhase section */
		25837cc93389c64466ed86d5 /* Frameworks */ = {
			isa = PBXFrameworksBuildPhase;
			buildActionMask = 2147483647;
			files = (
			);
			runOnlyForDeploymentPostprocessing = 0;
		};
/* End PBXFrameworksBuildPhase section */

/* Begin PBXGroup section */
		c670c59a99435142bd05761d = {
			isa = PBXGroup;
			children = (
				73b6c8694e54364b10cef448 /* GardenPlannerSpike */,
				ef23b710a4e31a81c3127b18 /* Products */,
			);
			sourceTree = "<group>";
		};
		73b6c8694e54364b10cef448 /* GardenPlannerSpike */ = {
			isa = PBXGroup;
			children = (
				66cf7f2aa66e87203eb485b8 /* GardenPlannerSpike.swift */,
				a3c00001a3c00001a3c00001 /* Scanning */,
				b4d00001b4d00001b4d00001 /* Views */,
				9ce72a56612f6d1e2e61bc03 /* Info.plist */,
			);
			path = GardenPlannerSpike;
			sourceTree = "<group>";
		};
		a3c00001a3c00001a3c00001 /* Scanning */ = {
			isa = PBXGroup;
			children = (
				1ca0ebf6d706a196eed33ea4 /* LiDARScanner.swift */,
				ea49de1cf0d95a420d78af0d /* PointCloudProcessor.swift */,
				8d0f96f522bbd181630dfb8d /* Geometry2DProjection.swift */,
			);
			path = Scanning;
			sourceTree = "<group>";
		};
		b4d00001b4d00001b4d00001 /* Views */ = {
			isa = PBXGroup;
			children = (
				698b343290917867ecc855f6 /* ScanCaptureView.swift */,
				1ba0b31d7641c68da9203419 /* ScanMapView.swift */,
			);
			path = Views;
			sourceTree = "<group>";
		};
		ef23b710a4e31a81c3127b18 /* Products */ = {
			isa = PBXGroup;
			children = (
				a7332f3238c8d9d408493890 /* GardenPlannerSpike.app */,
			);
			name = Products;
			sourceTree = "<group>";
		};
/* End PBXGroup section */

/* Begin PBXNativeTarget section */
		696a7b353813c3ca71f6cf47 /* GardenPlannerSpike */ = {
			isa = PBXNativeTarget;
			name = GardenPlannerSpike;
			buildConfigurationList = ef671eaaf2b4d03b6cf75497 /* Build configuration list for target */;
			buildPhases = (
				c2a4c71354ee5b36c7ec7c2e /* Sources */,
				bcc7c824e1d9a4fa1a1fd67e /* Frameworks */,
				c5a6750ef62afcd2619551d5 /* Resources */,
			);
			buildRules = (
			);
			productName = GardenPlannerSpike;
			productReference = a7332f3238c8d9d408493890 /* GardenPlannerSpike.app */;
			productType = "com.apple.product-type.application";
		};
/* End PBXNativeTarget section */

/* Begin PBXProject section */
		0d11d0d733991eadfc2a2ae8 /* Project object */ = {
			isa = PBXProject;
			attributes = {
				BuildIndependentTargetsInParallel = 1;
				PrefixHeaderLocation = shared;
			};
			buildConfigurationList = a884733ec21c8450375acc3d /* Build configuration list for project */;
			compatibilityVersion = "Xcode 14.0";
			developmentRegion = en;
			hasScannedForEncodings = 0;
			knownRegions = (
				en,
				Base,
			);
			mainGroup = c670c59a99435142bd05761d;
			productRefGroup = ef23b710a4e31a81c3127b18 /* Products */;
			projectDirPath = "";
			projectRoot = "";
			targets = (
				696a7b353813c3ca71f6cf47 /* GardenPlannerSpike */,
			);
		};
/* End PBXProject section */

/* Begin PBXResourcesBuildPhase section */
		c5a6750ef62afcd2619551d5 /* Resources */ = {
			isa = PBXResourcesBuildPhase;
			buildActionMask = 2147483647;
			files = (
			);
		};
/* End PBXResourcesBuildPhase section */

/* Begin PBXSourcesBuildPhase section */
		c2a4c71354ee5b36c7ec7c2e /* Sources */ = {
			isa = PBXSourcesBuildPhase;
			buildActionMask = 2147483647;
			files = (
				6a50c5d914ffe79e97e02d35 /* GardenPlannerSpike.swift in Sources */,
				fd0854b468204221e3eef83e /* LiDARScanner.swift in Sources */,
				6dbaf4a07d0fde96eca3970f /* PointCloudProcessor.swift in Sources */,
				c0d6b2e737d964e85ae67e5f /* Geometry2DProjection.swift in Sources */,
				ef90bf43523d7c430de8702c /* ScanCaptureView.swift in Sources */,
				e63af94edf6f86d467fa3dc9 /* ScanMapView.swift in Sources */,
			);
		};
/* End PBXSourcesBuildPhase section */

/* Begin XCBuildConfiguration section */
		73d614ddc62aa52110a970b8 /* Debug */ = {
			isa = XCBuildConfiguration;
			buildSettings = {
				ALWAYS_SEARCH_USER_PATHS = NO;
				CLANG_CXX_LANGUAGE_STANDARD = "gnu++20";
				CLANG_ENABLE_MODULES = YES;
				CLANG_ENABLE_OBJC_ARC = YES;
				COPY_PHASE_STRIP = NO;
				DEBUG_INFORMATION_FORMAT = dwarf;
				ENABLE_STRICT_OBJC_MSGSEND = YES;
				ENABLE_TESTABILITY = YES;
				GCC_C_LANGUAGE_STANDARD = gnu17;
				GCC_DYNAMIC_NO_PIC = NO;
				GCC_OPTIMIZATION_LEVEL = 0;
				GCC_PREPROCESSOR_DEFINITIONS = (
					"DEBUG=1",
					"$(inherited)",
				);
				IPHONEOS_DEPLOYMENT_TARGET = 17.0;
				LD_RUNPATH_SEARCH_PATHS = (
					"$(inherited)",
					"@executable_path/Frameworks",
				);
				MTL_ENABLE_DEBUG_INFO = YES;
				ONLY_ACTIVE_ARCH = YES;
				SDKROOT = iphoneos;
				SWIFT_ACTIVE_COMPILATION_CONDITIONS = "DEBUG $(inherited)";
				SWIFT_OPTIMIZATION_LEVEL = "-Onone";
				SWIFT_VERSION = 5.9;
			};
			name = Debug;
		};
		0a6ace02845222c9bb1e0d13 /* Release */ = {
			isa = XCBuildConfiguration;
			buildSettings = {
				ALWAYS_SEARCH_USER_PATHS = NO;
				CLANG_CXX_LANGUAGE_STANDARD = "gnu++20";
				CLANG_ENABLE_MODULES = YES;
				CLANG_ENABLE_OBJC_ARC = YES;
				COPY_PHASE_STRIP = NO;
				DEBUG_INFORMATION_FORMAT = "dwarf-with-dsym";
				ENABLE_NS_ASSERTIONS = YES;
				ENABLE_STRICT_OBJC_MSGSEND = YES;
				GCC_C_LANGUAGE_STANDARD = gnu17;
				GCC_OPTIMIZATION_LEVEL = "fast";
				IPHONEOS_DEPLOYMENT_TARGET = 17.0;
				LD_RUNPATH_SEARCH_PATHS = (
					"$(inherited)",
					"@executable_path/Frameworks",
				);
				SDKROOT = iphoneos;
				SWIFT_COMPACT_LINE_DIRECTORIES = YES;
				SWIFT_VERSION = 5.9;
			};
			name = Release;
		};
		265b420f029decd21950140d /* Debug */ = {
			isa = XCBuildConfiguration;
			buildSettings = {
				ASSETCATALOG_COMPILER_APPICON_NAME = AppIcon;
				CODE_SIGN_STYLE = Automatic;
				CURRENT_PROJECT_VERSION = 2;
				DEVELOPMENT_TEAM = "VDWDUNC9R2";
				INFOPLIST_FILE = GardenPlannerSpike/Info.plist;
				IPHONEOS_DEPLOYMENT_TARGET = 17.0;
				LD_RUNPATH_SEARCH_PATHS = (
					"$(inherited)",
					"@executable_path/Frameworks",
				);
				MARKETING_VERSION = 1.0;
				PRODUCT_BUNDLE_IDENTIFIER = com.josephwoods.GardenPlannerSpike;
				PRODUCT_NAME = "$(TARGET_NAME)";
				SWIFT_EMIT_LOC_STRINGS = YES;
				SWIFT_VERSION = 5.9;
			};
			name = Debug;
		};
		9737b62df2eb182284705af9 /* Release */ = {
			isa = XCBuildConfiguration;
			buildSettings = {
				ASSETCATALOG_COMPILER_APPICON_NAME = AppIcon;
				CODE_SIGN_STYLE = Automatic;
				CURRENT_PROJECT_VERSION = 2;
				DEVELOPMENT_TEAM = "VDWDUNC9R2";
				INFOPLIST_FILE = GardenPlannerSpike/Info.plist;
				IPHONEOS_DEPLOYMENT_TARGET = 17.0;
				LD_RUNPATH_SEARCH_PATHS = (
					"$(inherited)",
					"@executable_path/Frameworks",
				);
				MARKETING_VERSION = 1.0;
				PRODUCT_BUNDLE_IDENTIFIER = com.josephwoods.GardenPlannerSpike;
				PRODUCT_NAME = "$(TARGET_NAME)";
				SWIFT_EMIT_LOC_STRINGS = YES;
				SWIFT_VERSION = 5.9;
			};
			name = Release;
		};
/* End XCBuildConfiguration section */

/* Begin XCConfigurationList section */
		ef671eaaf2b4d03b6cf75497 /* Build configuration list for target */ = {
			isa = XCConfigurationList;
			buildConfigurations = (
				265b420f029decd21950140d /* Debug */,
				9737b62df2eb182284705af9 /* Release */,
			);
			defaultConfigurationIsVisible = 1;
			defaultConfigurationName = Release;
		};
		a884733ec21c8450375acc3d /* Build configuration list for project */ = {
			isa = XCConfigurationList;
			buildConfigurations = (
				73d614ddc62aa52110a970b8 /* Debug */,
				0a6ace02845222c9bb1e0d13 /* Release */,
			);
			defaultConfigurationIsVisible = 1;
			defaultConfigurationName = Release;
		};
/* End XCConfigurationList section */

/* Begin XCRemoteSwiftPackageReference section */
/* End XCRemoteSwiftPackageReference section */


	};
	rootObject = 0d11d0d733991eadfc2a2ae8 /* Project object */;
}
